
Microsoft Visual Studio Solution File, Format Version 12.00
# Visual Studio Version 17
VisualStudioVersion = 17.8.34511.84
MinimumVisualStudioVersion = 10.0.40219.1
Project("{FAE04EC0-301F-11D3-BF4B-00C04F79EFBC}") = "PaintClone", "PaintClone.csproj", "{DD062512-5F91-48E3-BF98-113B496CC613}"
EndProject
Global
	GlobalSection(SolutionConfigurationPlatforms) = preSolution
		Debug|Any CPU = Debug|Any CPU
		Release|Any CPU = Release|Any CPU
	EndGlobalSection
	GlobalSection(ProjectConfigurationPlatforms) = postSolution
		{DD062512-5F91-48E3-BF98-113B496CC613}.Debug|Any CPU.ActiveCfg = Debug|Any CPU
		{DD062512-5F91-48E3-BF98-113B496CC613}.Debug|Any CPU.Build.0 = Debug|Any CPU
		{DD062512-5F91-48E3-BF98-113B496CC613}.Release|Any CPU.ActiveCfg = Release|Any CPU
		{DD062512-5F91-48E3-BF98-113B496CC613}.Release|Any CPU.Build.0 = Release|Any CPU
	EndGlobalSection
	GlobalSection(SolutionProperties) = preSolution
		HideSolutionNode = FALSE
	EndGlobalSection
	GlobalSection(ExtensibilityGlobals) = postSolution
		SolutionGuid = {FBCFD81B-256F-4475-B7D2-0A17FDE27D02}
	EndGlobalSection
EndGlobal
